
Microsoft Visual Studio Solution File, Format Version 12.00
# Visual Studio Version 17
VisualStudioVersion = 17.0.31903.59
MinimumVisualStudioVersion = 10.0.40219.1
Project("{FAE04EC0-301F-11D3-BF4B-00C04F79EFBC}") = "CyamliCsharp", "CyamliCsharp\CyamliCsharp.csproj", "{82B456D4-4A3C-4782-822A-7363457865B7}"
EndProject
Project("{FAE04EC0-301F-11D3-BF4B-00C04F79EFBC}") = "CyamliCsharp.Tests", "CyamliCsharp.Tests\CyamliCsharp.Tests.csproj", "{30F2EE4D-B975-402B-B7C9-11B97AF81CCA}"
EndProject
Global
	GlobalSection(SolutionConfigurationPlatforms) = preSolution
		Debug|Any CPU = Debug|Any CPU
		Release|Any CPU = Release|Any CPU
	EndGlobalSection
	GlobalSection(SolutionProperties) = preSolution
		HideSolutionNode = FALSE
	EndGlobalSection
	GlobalSection(ProjectConfigurationPlatforms) = postSolution
		{82B456D4-4A3C-4782-822A-7363457865B7}.Debug|Any CPU.ActiveCfg = Debug|Any CPU
		{82B456D4-4A3C-4782-822A-7363457865B7}.Debug|Any CPU.Build.0 = Debug|Any CPU
		{82B456D4-4A3C-4782-822A-7363457865B7}.Release|Any CPU.ActiveCfg = Release|Any CPU
		{82B456D4-4A3C-4782-822A-7363457865B7}.Release|Any CPU.Build.0 = Release|Any CPU
		{30F2EE4D-B975-402B-B7C9-11B97AF81CCA}.Debug|Any CPU.ActiveCfg = Debug|Any CPU
		{30F2EE4D-B975-402B-B7C9-11B97AF81CCA}.Debug|Any CPU.Build.0 = Debug|Any CPU
		{30F2EE4D-B975-402B-B7C9-11B97AF81CCA}.Release|Any CPU.ActiveCfg = Release|Any CPU
		{30F2EE4D-B975-402B-B7C9-11B97AF81CCA}.Release|Any CPU.Build.0 = Release|Any CPU
	EndGlobalSection
EndGlobal
